
Microsoft Visual Studio Solution File, Format Version 12.00
# Visual Studio Version 17
VisualStudioVersion = 17.2.32526.322
MinimumVisualStudioVersion = 10.0.40219.1
Project("{FAE04EC0-301F-11D3-BF4B-00C04F79EFBC}") = "WebVehicleFrontEnd", "WebVehicleFrontEnd\WebVehicleFrontEnd.csproj", "{920EB8CA-5D91-47F9-A36A-6989DA9E6723}"
EndProject
Global
	GlobalSection(SolutionConfigurationPlatforms) = preSolution
		Debug|Any CPU = Debug|Any CPU
		Release|Any CPU = Release|Any CPU
	EndGlobalSection
	GlobalSection(ProjectConfigurationPlatforms) = postSolution
		{920EB8CA-5D91-47F9-A36A-6989DA9E6723}.Debug|Any CPU.ActiveCfg = Debug|Any CPU
		{920EB8CA-5D91-47F9-A36A-6989DA9E6723}.Debug|Any CPU.Build.0 = Debug|Any CPU
		{920EB8CA-5D91-47F9-A36A-6989DA9E6723}.Release|Any CPU.ActiveCfg = Release|Any CPU
		{920EB8CA-5D91-47F9-A36A-6989DA9E6723}.Release|Any CPU.Build.0 = Release|Any CPU
	EndGlobalSection
	GlobalSection(SolutionProperties) = preSolution
		HideSolutionNode = FALSE
	EndGlobalSection
	GlobalSection(ExtensibilityGlobals) = postSolution
		SolutionGuid = {391710C2-3D7F-4838-AB5F-12E1D763F396}
	EndGlobalSection
EndGlobal
